PODS:
  - DYBaseComponent (0.8.0):
    - DYBaseComponent/NSDate (= 0.8.0)
    - DYBaseComponent/NSDate (= 0.8.0)
    - DYBaseComponent/NSString (= 0.8.0)
    - DYBaseComponent/UIButton (= 0.8.0)
    - DYBaseComponent/UIImage (= 0.8.0)
    - DYBaseComponent/UILabel (= 0.8.0)
    - DYBaseComponent/UIView (= 0.8.0)
  - DYBaseComponent/NSDate (0.8.0)
  - DYBaseComponent/NSString (0.8.0)
  - DYBaseComponent/UIButton (0.8.0)
  - DYBaseComponent/UIImage (0.8.0)
  - DYBaseComponent/UILabel (0.8.0)
  - DYBaseComponent/UIView (0.8.0)

DEPENDENCIES:
  - DYBaseComponent (from `../`)

EXTERNAL SOURCES:
  DYBaseComponent:
    :path: "../"

SPEC CHECKSUMS:
  DYBaseComponent: c3d0ef4ead1720ecbfbe5fba1fe30663df63d15f

PODFILE CHECKSUM: 4c6cc5872a5c15cd8b860c53dba4d6b567d8d366

COCOAPODS: 1.5.3
